
Microsoft Visual Studio Solution File, Format Version 12.00
# Visual Studio 15
VisualStudioVersion = 15.0.27130.2036
MinimumVisualStudioVersion = 10.0.40219.1
Project("{8BC9CEB8-8B4A-11D0-8D11-00A0C91BC942}") = "Ex17_Feb_ej1", "Ex17_Feb_ej1\Ex17_Feb_ej1.vcxproj", "{A72CAD82-833D-4E10-9824-E0B8351D1115}"
EndProject
Global
	GlobalSection(SolutionConfigurationPlatforms) = preSolution
		Debug|x64 = Debug|x64
		Debug|x86 = Debug|x86
		Release|x64 = Release|x64
		Release|x86 = Release|x86
	EndGlobalSection
	GlobalSection(ProjectConfigurationPlatforms) = postSolution
		{A72CAD82-833D-4E10-9824-E0B8351D1115}.Debug|x64.ActiveCfg = Debug|x64
		{A72CAD82-833D-4E10-9824-E0B8351D1115}.Debug|x64.Build.0 = Debug|x64
		{A72CAD82-833D-4E10-9824-E0B8351D1115}.Debug|x86.ActiveCfg = Debug|Win32
		{A72CAD82-833D-4E10-9824-E0B8351D1115}.Debug|x86.Build.0 = Debug|Win32
		{A72CAD82-833D-4E10-9824-E0B8351D1115}.Release|x64.ActiveCfg = Release|x64
		{A72CAD82-833D-4E10-9824-E0B8351D1115}.Release|x64.Build.0 = Release|x64
		{A72CAD82-833D-4E10-9824-E0B8351D1115}.Release|x86.ActiveCfg = Release|Win32
		{A72CAD82-833D-4E10-9824-E0B8351D1115}.Release|x86.Build.0 = Release|Win32
	EndGlobalSection
	GlobalSection(SolutionProperties) = preSolution
		HideSolutionNode = FALSE
	EndGlobalSection
	GlobalSection(ExtensibilityGlobals) = postSolution
		SolutionGuid = {18A5A986-28E7-4EC3-8870-C998BD5472DF}
	EndGlobalSection
EndGlobal
