
Microsoft Visual Studio Solution File, Format Version 12.00
# Visual Studio 15
VisualStudioVersion = 15.0.27130.2036
MinimumVisualStudioVersion = 10.0.40219.1
Project("{8BC9CEB8-8B4A-11D0-8D11-00A0C91BC942}") = "Diccionarios_CapítulosRepetidos", "Diccionarios_CapítulosRepetidos\Diccionarios_CapítulosRepetidos.vcxproj", "{7DBBE5A2-47C7-4FD5-B686-3D6A3508C7EA}"
EndProject
Global
	GlobalSection(SolutionConfigurationPlatforms) = preSolution
		Debug|x64 = Debug|x64
		Debug|x86 = Debug|x86
		Release|x64 = Release|x64
		Release|x86 = Release|x86
	EndGlobalSection
	GlobalSection(ProjectConfigurationPlatforms) = postSolution
		{7DBBE5A2-47C7-4FD5-B686-3D6A3508C7EA}.Debug|x64.ActiveCfg = Debug|x64
		{7DBBE5A2-47C7-4FD5-B686-3D6A3508C7EA}.Debug|x64.Build.0 = Debug|x64
		{7DBBE5A2-47C7-4FD5-B686-3D6A3508C7EA}.Debug|x86.ActiveCfg = Debug|Win32
		{7DBBE5A2-47C7-4FD5-B686-3D6A3508C7EA}.Debug|x86.Build.0 = Debug|Win32
		{7DBBE5A2-47C7-4FD5-B686-3D6A3508C7EA}.Release|x64.ActiveCfg = Release|x64
		{7DBBE5A2-47C7-4FD5-B686-3D6A3508C7EA}.Release|x64.Build.0 = Release|x64
		{7DBBE5A2-47C7-4FD5-B686-3D6A3508C7EA}.Release|x86.ActiveCfg = Release|Win32
		{7DBBE5A2-47C7-4FD5-B686-3D6A3508C7EA}.Release|x86.Build.0 = Release|Win32
	EndGlobalSection
	GlobalSection(SolutionProperties) = preSolution
		HideSolutionNode = FALSE
	EndGlobalSection
	GlobalSection(ExtensibilityGlobals) = postSolution
		SolutionGuid = {E9D0C4D2-DFE4-4A27-9E62-595E8C79EA01}
	EndGlobalSection
EndGlobal
