
Microsoft Visual Studio Solution File, Format Version 12.00
# Visual Studio 15
VisualStudioVersion = 15.0.27130.2036
MinimumVisualStudioVersion = 10.0.40219.1
Project("{8BC9CEB8-8B4A-11D0-8D11-00A0C91BC942}") = "Exam_enero18_ej1", "Exam_enero18_ej1\Exam_enero18_ej1.vcxproj", "{E1709FD8-7206-48B9-9F9C-8A9A1812D0BE}"
EndProject
Global
	GlobalSection(SolutionConfigurationPlatforms) = preSolution
		Debug|x64 = Debug|x64
		Debug|x86 = Debug|x86
		Release|x64 = Release|x64
		Release|x86 = Release|x86
	EndGlobalSection
	GlobalSection(ProjectConfigurationPlatforms) = postSolution
		{E1709FD8-7206-48B9-9F9C-8A9A1812D0BE}.Debug|x64.ActiveCfg = Debug|x64
		{E1709FD8-7206-48B9-9F9C-8A9A1812D0BE}.Debug|x64.Build.0 = Debug|x64
		{E1709FD8-7206-48B9-9F9C-8A9A1812D0BE}.Debug|x86.ActiveCfg = Debug|Win32
		{E1709FD8-7206-48B9-9F9C-8A9A1812D0BE}.Debug|x86.Build.0 = Debug|Win32
		{E1709FD8-7206-48B9-9F9C-8A9A1812D0BE}.Release|x64.ActiveCfg = Release|x64
		{E1709FD8-7206-48B9-9F9C-8A9A1812D0BE}.Release|x64.Build.0 = Release|x64
		{E1709FD8-7206-48B9-9F9C-8A9A1812D0BE}.Release|x86.ActiveCfg = Release|Win32
		{E1709FD8-7206-48B9-9F9C-8A9A1812D0BE}.Release|x86.Build.0 = Release|Win32
	EndGlobalSection
	GlobalSection(SolutionProperties) = preSolution
		HideSolutionNode = FALSE
	EndGlobalSection
	GlobalSection(ExtensibilityGlobals) = postSolution
		SolutionGuid = {16A88DFE-2949-47DE-AC7A-C687982E9F22}
	EndGlobalSection
EndGlobal
